
Microsoft Visual Studio Solution File, Format Version 11.00
# Visual Studio 2010
Project("{FAE04EC0-301F-11D3-BF4B-00C04F79EFBC}") = "LanarkshireGamers", "LanarkshireGamers\LanarkshireGamers.csproj", "{840B997A-58C9-4D8B-A28C-8EC698B17F8D}"
EndProject
Project("{FAE04EC0-301F-11D3-BF4B-00C04F79EFBC}") = "LanarkshireGamersData", "LanarkshireGamersModel\LanarkshireGamersData.csproj", "{39DD976B-1C6B-49BF-B96F-CEB663030ECF}"
EndProject
Project("{FAE04EC0-301F-11D3-BF4B-00C04F79EFBC}") = "LanarkshireGamesBusinessLogic", "LanarkshireGamesBusinessLogic\LanarkshireGamesBusinessLogic.csproj", "{2DFB584C-88BD-40C6-9180-198FDFF66AA3}"
EndProject
Global
	GlobalSection(SolutionConfigurationPlatforms) = preSolution
		Debug|Any CPU = Debug|Any CPU
		Release|Any CPU = Release|Any CPU
	EndGlobalSection
	GlobalSection(ProjectConfigurationPlatforms) = postSolution
		{840B997A-58C9-4D8B-A28C-8EC698B17F8D}.Debug|Any CPU.ActiveCfg = Debug|Any CPU
		{840B997A-58C9-4D8B-A28C-8EC698B17F8D}.Debug|Any CPU.Build.0 = Debug|Any CPU
		{840B997A-58C9-4D8B-A28C-8EC698B17F8D}.Release|Any CPU.ActiveCfg = Release|Any CPU
		{840B997A-58C9-4D8B-A28C-8EC698B17F8D}.Release|Any CPU.Build.0 = Release|Any CPU
		{39DD976B-1C6B-49BF-B96F-CEB663030ECF}.Debug|Any CPU.ActiveCfg = Debug|Any CPU
		{39DD976B-1C6B-49BF-B96F-CEB663030ECF}.Debug|Any CPU.Build.0 = Debug|Any CPU
		{39DD976B-1C6B-49BF-B96F-CEB663030ECF}.Release|Any CPU.ActiveCfg = Release|Any CPU
		{39DD976B-1C6B-49BF-B96F-CEB663030ECF}.Release|Any CPU.Build.0 = Release|Any CPU
		{2DFB584C-88BD-40C6-9180-198FDFF66AA3}.Debug|Any CPU.ActiveCfg = Debug|Any CPU
		{2DFB584C-88BD-40C6-9180-198FDFF66AA3}.Debug|Any CPU.Build.0 = Debug|Any CPU
		{2DFB584C-88BD-40C6-9180-198FDFF66AA3}.Release|Any CPU.ActiveCfg = Release|Any CPU
		{2DFB584C-88BD-40C6-9180-198FDFF66AA3}.Release|Any CPU.Build.0 = Release|Any CPU
	EndGlobalSection
	GlobalSection(SolutionProperties) = preSolution
		HideSolutionNode = FALSE
	EndGlobalSection
EndGlobal
